
Microsoft Visual Studio Solution File, Format Version 12.00
# Visual Studio Version 16
VisualStudioVersion = 16.0.30711.63
MinimumVisualStudioVersion = 10.0.40219.1
Project("{FAE04EC0-301F-11D3-BF4B-00C04F79EFBC}") = "SuperAdventure", "SuperAdventure.csproj", "{66A9F509-62FF-4D54-88A7-7B669418DC78}"
EndProject
Project("{FAE04EC0-301F-11D3-BF4B-00C04F79EFBC}") = "Engine", "Engine\Engine.csproj", "{F157581D-2D25-4EB8-8922-D2713173E5A9}"
EndProject
Global
	GlobalSection(SolutionConfigurationPlatforms) = preSolution
		Debug|Any CPU = Debug|Any CPU
		Release|Any CPU = Release|Any CPU
	EndGlobalSection
	GlobalSection(ProjectConfigurationPlatforms) = postSolution
		{66A9F509-62FF-4D54-88A7-7B669418DC78}.Debug|Any CPU.ActiveCfg = Debug|Any CPU
		{66A9F509-62FF-4D54-88A7-7B669418DC78}.Debug|Any CPU.Build.0 = Debug|Any CPU
		{66A9F509-62FF-4D54-88A7-7B669418DC78}.Release|Any CPU.ActiveCfg = Release|Any CPU
		{66A9F509-62FF-4D54-88A7-7B669418DC78}.Release|Any CPU.Build.0 = Release|Any CPU
		{F157581D-2D25-4EB8-8922-D2713173E5A9}.Debug|Any CPU.ActiveCfg = Debug|Any CPU
		{F157581D-2D25-4EB8-8922-D2713173E5A9}.Debug|Any CPU.Build.0 = Debug|Any CPU
		{F157581D-2D25-4EB8-8922-D2713173E5A9}.Release|Any CPU.ActiveCfg = Release|Any CPU
		{F157581D-2D25-4EB8-8922-D2713173E5A9}.Release|Any CPU.Build.0 = Release|Any CPU
	EndGlobalSection
	GlobalSection(SolutionProperties) = preSolution
		HideSolutionNode = FALSE
	EndGlobalSection
	GlobalSection(ExtensibilityGlobals) = postSolution
		SolutionGuid = {85F3E3B8-6198-4727-B512-1CF0DD43CA13}
	EndGlobalSection
EndGlobal
